{
  "name": "richangji-native-miniapp",
  "version": "0.1.0",
  "lockfileVersion": 3,
  "requires": true,
  "packages": {
    "": {
      "name": "richangji-native-miniapp",
      "version": "0.1.0",
      "devDependencies": {
        "miniprogram-api-typings": "^4.0.1",
        "prettier": "^3.9.8",
        "typescript": "^5.4.5"
      }
    },
    "node_modules/miniprogram-api-typings": {
      "version": "4.1.3",
      "resolved": "https://registry.npmjs.org/miniprogram-api-typings/-/miniprogram-api-typings-4.1.3.tgz",
      "integrity": "sha512-5mobiXzDS3KFJMM20cIg5m7hiFSJY0YGpgm5yzFeIJ+UP15RGOtW/ztqAhRfOQIvPBD0WyYB+WFCWaeeTTEZTQ==",
      "dev": true,
      "license": "MIT"
    },
    "node_modules/prettier": {
      "version": "3.9.8",
      "resolved": "https://registry.npmjs.org/prettier/-/prettier-3.9.8.tgz",
      "integrity": "sha512-WRFq3Wn3WId7LLROfMLdH7xaFr2jR62wU8nLO6rQUOLOxNZUviyJQs1M0iIhLexSFy+L+w0ch66wtoO2jRjG0A==",
      "dev": true,
      "license": "MIT",
      "bin": {
        "prettier": "bin/prettier.cjs"
      },
      "engines": {
        "node": ">=14"
      },
      "funding": {
        "url": "https://github.com/prettier/prettier?sponsor=1"
      }
    },
    "node_modules/typescript": {
      "version": "5.9.3",
      "resolved": "https://registry.npmjs.org/typescript/-/typescript-5.9.3.tgz",
      "integrity": "sha512-jl1vZzPDinLr9eUt3J/t7V6FgNEw9QjvBPdysz9KfQDD41fQrC2Y4vKQdiaUpFT4bXlb1RHhLpp8wtm6M5TgSw==",
      "dev": true,
      "license": "Apache-2.0",
      "bin": {
        "tsc": "bin/tsc",
        "tsserver": "bin/tsserver"
      },
      "engines": {
        "node": ">=14.17"
      }
    }
  }
}
